
Microsoft Visual Studio Solution File, Format Version 12.00
# Visual Studio Version 17
VisualStudioVersion = 17.11.35327.3
MinimumVisualStudioVersion = 10.0.40219.1
Project("{9A19103F-16F7-4668-BE54-9A1E7A4F7556}") = "Demo", "Demo\Demo.csproj", "{0874E506-4706-4A67-8DB2-3D4AF6ECD8ED}"
EndProject
Project("{FAE04EC0-301F-11D3-BF4B-00C04F79EFBC}") = "Assignment", "Assignment\Assignment.csproj", "{8FB580E7-4E0B-4A07-BA42-F385928D2BCC}"
EndProject
Global
	GlobalSection(SolutionConfigurationPlatforms) = preSolution
		Debug|Any CPU = Debug|Any CPU
		Release|Any CPU = Release|Any CPU
	EndGlobalSection
	GlobalSection(ProjectConfigurationPlatforms) = postSolution
		{0874E506-4706-4A67-8DB2-3D4AF6ECD8ED}.Debug|Any CPU.ActiveCfg = Debug|Any CPU
		{0874E506-4706-4A67-8DB2-3D4AF6ECD8ED}.Debug|Any CPU.Build.0 = Debug|Any CPU
		{0874E506-4706-4A67-8DB2-3D4AF6ECD8ED}.Release|Any CPU.ActiveCfg = Release|Any CPU
		{0874E506-4706-4A67-8DB2-3D4AF6ECD8ED}.Release|Any CPU.Build.0 = Release|Any CPU
		{8FB580E7-4E0B-4A07-BA42-F385928D2BCC}.Debug|Any CPU.ActiveCfg = Debug|Any CPU
		{8FB580E7-4E0B-4A07-BA42-F385928D2BCC}.Debug|Any CPU.Build.0 = Debug|Any CPU
		{8FB580E7-4E0B-4A07-BA42-F385928D2BCC}.Release|Any CPU.ActiveCfg = Release|Any CPU
		{8FB580E7-4E0B-4A07-BA42-F385928D2BCC}.Release|Any CPU.Build.0 = Release|Any CPU
	EndGlobalSection
	GlobalSection(SolutionProperties) = preSolution
		HideSolutionNode = FALSE
	EndGlobalSection
	GlobalSection(ExtensibilityGlobals) = postSolution
		SolutionGuid = {22042F40-5811-46F0-B86D-9C261E8F8771}
	EndGlobalSection
EndGlobal
